
Microsoft Visual Studio Solution File, Format Version 12.00
# Visual Studio 15
VisualStudioVersion = 15.0.26228.4
MinimumVisualStudioVersion = 10.0.40219.1
Project("{FAE04EC0-301F-11D3-BF4B-00C04F79EFBC}") = "EtienBackEnd", "EtienBackEnd\EtienBackEnd.csproj", "{205F708A-57BC-4BB7-B9CE-B12913FF821F}"
EndProject
Project("{2150E333-8FDC-42A3-9474-1A3956D46DE8}") = "Persistence", "Persistence", "{CF0C07DD-33F7-4678-86AD-3261ED437622}"
EndProject
Project("{FAE04EC0-301F-11D3-BF4B-00C04F79EFBC}") = "daoNHibernate", "daoNHibernate\daoNHibernate.csproj", "{60F40432-0E7D-4993-8A64-4E67947EBAA4}"
EndProject
Project("{2150E333-8FDC-42A3-9474-1A3956D46DE8}") = "common", "common", "{1F083CBD-BB61-4765-B03A-6AFE72C5B3D6}"
EndProject
Project("{2150E333-8FDC-42A3-9474-1A3956D46DE8}") = "logic", "logic", "{216CC487-FCDE-420F-BDB9-6453E39E63D0}"
EndProject
Project("{FAE04EC0-301F-11D3-BF4B-00C04F79EFBC}") = "entities", "entities\entities.csproj", "{2A125D4D-82F8-4C65-BAA1-DFDE719EBCD2}"
EndProject
Project("{FAE04EC0-301F-11D3-BF4B-00C04F79EFBC}") = "enums", "enums\enums.csproj", "{17F6F7E7-9E2F-4DB7-9EF0-BEAE35EE1ED7}"
EndProject
Project("{FAE04EC0-301F-11D3-BF4B-00C04F79EFBC}") = "libraries", "libraries\libraries.csproj", "{73A7B519-E833-460A-996C-EFD432D14CCC}"
EndProject
Project("{2150E333-8FDC-42A3-9474-1A3956D46DE8}") = "Tests", "Tests", "{17CFEC99-61CA-4226-AF17-D4D05A6DC04C}"
EndProject
Project("{FAE04EC0-301F-11D3-BF4B-00C04F79EFBC}") = "Unitary", "Unitary\Unitary.csproj", "{B4BDE6F1-D815-4E0B-9B53-AEF02F739255}"
EndProject
Project("{FAE04EC0-301F-11D3-BF4B-00C04F79EFBC}") = "Commands", "Commands\Commands.csproj", "{80F5E3C8-1755-4AD4-8C6B-5983D6631BD4}"
EndProject
Project("{FAE04EC0-301F-11D3-BF4B-00C04F79EFBC}") = "dtos", "dtos\dtos.csproj", "{6239E30F-FE4A-4883-A47E-49476F5698A8}"
EndProject
Global
	GlobalSection(SolutionConfigurationPlatforms) = preSolution
		Debug|Any CPU = Debug|Any CPU
		Release|Any CPU = Release|Any CPU
	EndGlobalSection
	GlobalSection(ProjectConfigurationPlatforms) = postSolution
		{205F708A-57BC-4BB7-B9CE-B12913FF821F}.Debug|Any CPU.ActiveCfg = Debug|Any CPU
		{205F708A-57BC-4BB7-B9CE-B12913FF821F}.Debug|Any CPU.Build.0 = Debug|Any CPU
		{205F708A-57BC-4BB7-B9CE-B12913FF821F}.Release|Any CPU.ActiveCfg = Release|Any CPU
		{205F708A-57BC-4BB7-B9CE-B12913FF821F}.Release|Any CPU.Build.0 = Release|Any CPU
		{60F40432-0E7D-4993-8A64-4E67947EBAA4}.Debug|Any CPU.ActiveCfg = Debug|Any CPU
		{60F40432-0E7D-4993-8A64-4E67947EBAA4}.Debug|Any CPU.Build.0 = Debug|Any CPU
		{60F40432-0E7D-4993-8A64-4E67947EBAA4}.Release|Any CPU.ActiveCfg = Release|Any CPU
		{60F40432-0E7D-4993-8A64-4E67947EBAA4}.Release|Any CPU.Build.0 = Release|Any CPU
		{2A125D4D-82F8-4C65-BAA1-DFDE719EBCD2}.Debug|Any CPU.ActiveCfg = Debug|Any CPU
		{2A125D4D-82F8-4C65-BAA1-DFDE719EBCD2}.Debug|Any CPU.Build.0 = Debug|Any CPU
		{2A125D4D-82F8-4C65-BAA1-DFDE719EBCD2}.Release|Any CPU.ActiveCfg = Release|Any CPU
		{2A125D4D-82F8-4C65-BAA1-DFDE719EBCD2}.Release|Any CPU.Build.0 = Release|Any CPU
		{17F6F7E7-9E2F-4DB7-9EF0-BEAE35EE1ED7}.Debug|Any CPU.ActiveCfg = Debug|Any CPU
		{17F6F7E7-9E2F-4DB7-9EF0-BEAE35EE1ED7}.Debug|Any CPU.Build.0 = Debug|Any CPU
		{17F6F7E7-9E2F-4DB7-9EF0-BEAE35EE1ED7}.Release|Any CPU.ActiveCfg = Release|Any CPU
		{17F6F7E7-9E2F-4DB7-9EF0-BEAE35EE1ED7}.Release|Any CPU.Build.0 = Release|Any CPU
		{73A7B519-E833-460A-996C-EFD432D14CCC}.Debug|Any CPU.ActiveCfg = Debug|Any CPU
		{73A7B519-E833-460A-996C-EFD432D14CCC}.Debug|Any CPU.Build.0 = Debug|Any CPU
		{73A7B519-E833-460A-996C-EFD432D14CCC}.Release|Any CPU.ActiveCfg = Release|Any CPU
		{73A7B519-E833-460A-996C-EFD432D14CCC}.Release|Any CPU.Build.0 = Release|Any CPU
		{B4BDE6F1-D815-4E0B-9B53-AEF02F739255}.Debug|Any CPU.ActiveCfg = Debug|Any CPU
		{B4BDE6F1-D815-4E0B-9B53-AEF02F739255}.Debug|Any CPU.Build.0 = Debug|Any CPU
		{B4BDE6F1-D815-4E0B-9B53-AEF02F739255}.Release|Any CPU.ActiveCfg = Release|Any CPU
		{B4BDE6F1-D815-4E0B-9B53-AEF02F739255}.Release|Any CPU.Build.0 = Release|Any CPU
		{80F5E3C8-1755-4AD4-8C6B-5983D6631BD4}.Debug|Any CPU.ActiveCfg = Debug|Any CPU
		{80F5E3C8-1755-4AD4-8C6B-5983D6631BD4}.Debug|Any CPU.Build.0 = Debug|Any CPU
		{80F5E3C8-1755-4AD4-8C6B-5983D6631BD4}.Release|Any CPU.ActiveCfg = Release|Any CPU
		{80F5E3C8-1755-4AD4-8C6B-5983D6631BD4}.Release|Any CPU.Build.0 = Release|Any CPU
		{6239E30F-FE4A-4883-A47E-49476F5698A8}.Debug|Any CPU.ActiveCfg = Debug|Any CPU
		{6239E30F-FE4A-4883-A47E-49476F5698A8}.Debug|Any CPU.Build.0 = Debug|Any CPU
		{6239E30F-FE4A-4883-A47E-49476F5698A8}.Release|Any CPU.ActiveCfg = Release|Any CPU
		{6239E30F-FE4A-4883-A47E-49476F5698A8}.Release|Any CPU.Build.0 = Release|Any CPU
	EndGlobalSection
	GlobalSection(SolutionProperties) = preSolution
		HideSolutionNode = FALSE
	EndGlobalSection
	GlobalSection(NestedProjects) = preSolution
		{60F40432-0E7D-4993-8A64-4E67947EBAA4} = {CF0C07DD-33F7-4678-86AD-3261ED437622}
		{2A125D4D-82F8-4C65-BAA1-DFDE719EBCD2} = {1F083CBD-BB61-4765-B03A-6AFE72C5B3D6}
		{17F6F7E7-9E2F-4DB7-9EF0-BEAE35EE1ED7} = {1F083CBD-BB61-4765-B03A-6AFE72C5B3D6}
		{73A7B519-E833-460A-996C-EFD432D14CCC} = {1F083CBD-BB61-4765-B03A-6AFE72C5B3D6}
		{B4BDE6F1-D815-4E0B-9B53-AEF02F739255} = {17CFEC99-61CA-4226-AF17-D4D05A6DC04C}
		{80F5E3C8-1755-4AD4-8C6B-5983D6631BD4} = {216CC487-FCDE-420F-BDB9-6453E39E63D0}
		{6239E30F-FE4A-4883-A47E-49476F5698A8} = {1F083CBD-BB61-4765-B03A-6AFE72C5B3D6}
	EndGlobalSection
	GlobalSection(ExtensibilityGlobals) = postSolution
		SolutionGuid = {4B26508F-0857-4CDD-B0FE-D36336E61CCE}
	EndGlobalSection
EndGlobal
